
Microsoft Visual Studio Solution File, Format Version 12.00
# Visual Studio Version 16
VisualStudioVersion = 16.0.32002.261
MinimumVisualStudioVersion = 10.0.40219.1
Project("{FAE04EC0-301F-11D3-BF4B-00C04F79EFBC}") = "MyFirstASPNETWEbApp", "MyFirstASPNETWEbApp\MyFirstASPNETWEbApp.csproj", "{92902B56-C459-48FC-BE7E-5AA0F62159C7}"
EndProject
Global
	GlobalSection(SolutionConfigurationPlatforms) = preSolution
		Debug|Any CPU = Debug|Any CPU
		Release|Any CPU = Release|Any CPU
	EndGlobalSection
	GlobalSection(ProjectConfigurationPlatforms) = postSolution
		{92902B56-C459-48FC-BE7E-5AA0F62159C7}.Debug|Any CPU.ActiveCfg = Debug|Any CPU
		{92902B56-C459-48FC-BE7E-5AA0F62159C7}.Debug|Any CPU.Build.0 = Debug|Any CPU
		{92902B56-C459-48FC-BE7E-5AA0F62159C7}.Release|Any CPU.ActiveCfg = Release|Any CPU
		{92902B56-C459-48FC-BE7E-5AA0F62159C7}.Release|Any CPU.Build.0 = Release|Any CPU
	EndGlobalSection
	GlobalSection(SolutionProperties) = preSolution
		HideSolutionNode = FALSE
	EndGlobalSection
	GlobalSection(ExtensibilityGlobals) = postSolution
		SolutionGuid = {3EA8B221-9ED2-40E0-B0DA-C58BBB45B207}
	EndGlobalSection
EndGlobal
